
Microsoft Visual Studio Solution File, Format Version 12.00
# Visual Studio Version 17
VisualStudioVersion = 17.12.35527.113 d17.12
MinimumVisualStudioVersion = 10.0.40219.1
Project("{FAE04EC0-301F-11D3-BF4B-00C04F79EFBC}") = "Clientgui", "Clientgui.csproj", "{EC52625B-AB4C-42A5-9043-B45E629A617D}"
EndProject
Global
	GlobalSection(SolutionConfigurationPlatforms) = preSolution
		Debug|Any CPU = Debug|Any CPU
		Release|Any CPU = Release|Any CPU
	EndGlobalSection
	GlobalSection(ProjectConfigurationPlatforms) = postSolution
		{EC52625B-AB4C-42A5-9043-B45E629A617D}.Debug|Any CPU.ActiveCfg = Debug|Any CPU
		{EC52625B-AB4C-42A5-9043-B45E629A617D}.Debug|Any CPU.Build.0 = Debug|Any CPU
		{EC52625B-AB4C-42A5-9043-B45E629A617D}.Release|Any CPU.ActiveCfg = Release|Any CPU
		{EC52625B-AB4C-42A5-9043-B45E629A617D}.Release|Any CPU.Build.0 = Release|Any CPU
	EndGlobalSection
	GlobalSection(SolutionProperties) = preSolution
		HideSolutionNode = FALSE
	EndGlobalSection
EndGlobal
